{
  "version": 4,
  "terraform_version": "1.12.2",
  "serial": 20,
  "lineage": "e3bf5a51-d58b-adb1-6845-3b91bdbbc351",
  "outputs": {
    "instance_public_dns": {
      "value": "ec2-34-253-223-165.eu-west-1.compute.amazonaws.com",
      "type": "string"
    },
    "instance_public_ip": {
      "value": "34.253.223.165",
      "type": "string"
    }
  },
  "resources": [
    {
      "mode": "managed",
      "type": "aws_instance",
      "name": "my_ec2_instance",
      "provider": "provider[\"registry.terraform.io/hashicorp/aws\"]",
      "instances": [
        {
          "schema_version": 2,
          "attributes": {
            "ami": "ami-0dc0ac921efee9f9d",
            "arn": "arn:aws:ec2:eu-west-1:285816336572:instance/i-0ad555f0bf747a390",
            "associate_public_ip_address": true,
            "availability_zone": "eu-west-1b",
            "capacity_reservation_specification": [
              {
                "capacity_reservation_preference": "open",
                "capacity_reservation_target": []
              }
            ],
            "cpu_options": [
              {
                "amd_sev_snp": "",
                "core_count": 1,
                "threads_per_core": 1
              }
            ],
            "credit_specification": [
              {
                "cpu_credits": "standard"
              }
            ],
            "disable_api_stop": false,
            "disable_api_termination": false,
            "ebs_block_device": [],
            "ebs_optimized": false,
            "enable_primary_ipv6": null,
            "enclave_options": [
              {
                "enabled": false
              }
            ],
            "ephemeral_block_device": [],
            "get_password_data": false,
            "hibernation": false,
            "host_id": "",
            "host_resource_group_arn": null,
            "iam_instance_profile": "TerraformEC2Role",
            "id": "i-0ad555f0bf747a390",
            "instance_initiated_shutdown_behavior": "stop",
            "instance_lifecycle": "",
            "instance_market_options": [],
            "instance_state": "running",
            "instance_type": "t2.micro",
            "ipv6_address_count": 0,
            "ipv6_addresses": [],
            "key_name": "new-hamza-key",
            "launch_template": [],
            "maintenance_options": [
              {
                "auto_recovery": "default"
              }
            ],
            "metadata_options": [
              {
                "http_endpoint": "enabled",
                "http_protocol_ipv6": "disabled",
                "http_put_response_hop_limit": 1,
                "http_tokens": "optional",
                "instance_metadata_tags": "disabled"
              }
            ],
            "monitoring": false,
            "network_interface": [],
            "outpost_arn": "",
            "password_data": "",
            "placement_group": "",
            "placement_partition_number": 0,
            "primary_network_interface_id": "eni-0f0d4a9c1126a702e",
            "private_dns": "ip-172-31-25-64.eu-west-1.compute.internal",
            "private_dns_name_options": [
              {
                "enable_resource_name_dns_a_record": false,
                "enable_resource_name_dns_aaaa_record": false,
                "hostname_type": "ip-name"
              }
            ],
            "private_ip": "172.31.25.64",
            "public_dns": "ec2-34-253-223-165.eu-west-1.compute.amazonaws.com",
            "public_ip": "34.253.223.165",
            "region": "eu-west-1",
            "root_block_device": [
              {
                "delete_on_termination": true,
                "device_name": "/dev/sda1",
                "encrypted": false,
                "iops": 100,
                "kms_key_id": "",
                "tags": {},
                "tags_all": {},
                "throughput": 0,
                "volume_id": "vol-0e70fe008587ac9e1",
                "volume_size": 8,
                "volume_type": "gp2"
              }
            ],
            "secondary_private_ips": [],
            "security_groups": [
              "allow_ssh_http"
            ],
            "source_dest_check": true,
            "spot_instance_request_id": "",
            "subnet_id": "subnet-0f3d1079ba36f8f08",
            "tags": {
              "Name": "terraform-ansible-docker"
            },
            "tags_all": {
              "Name": "terraform-ansible-docker"
            },
            "tenancy": "default",
            "timeouts": null,
            "user_data": "#!/bin/bash\napt update -y\napt install -y docker.io ansible\nsystemctl enable docker\nsystemctl start docker\nusermod -aG docker ubuntu\n",
            "user_data_base64": null,
            "user_data_replace_on_change": false,
            "volume_tags": null,
            "vpc_security_group_ids": [
              "sg-09b911948e82cdbad"
            ]
          },
          "sensitive_attributes": [],
          "identity_schema_version": 0,
          "private": "eyJlMmJmYjczMC1lY2FhLTExZTYtOGY4OC0zNDM2M2JjN2M0YzAiOnsiY3JlYXRlIjo2MDAwMDAwMDAwMDAsImRlbGV0ZSI6MTIwMDAwMDAwMDAwMCwicmVhZCI6OTAwMDAwMDAwMDAwLCJ1cGRhdGUiOjYwMDAwMDAwMDAwMH0sInNjaGVtYV92ZXJzaW9uIjoiMiJ9",
          "dependencies": [
            "aws_security_group.allow_ssh_http"
          ]
        }
      ]
    },
    {
      "mode": "managed",
      "type": "aws_security_group",
      "name": "allow_ssh_http",
      "provider": "provider[\"registry.terraform.io/hashicorp/aws\"]",
      "instances": [
        {
          "schema_version": 1,
          "attributes": {
            "arn": "arn:aws:ec2:eu-west-1:285816336572:security-group/sg-09b911948e82cdbad",
            "description": "Allow SSH and HTTP",
            "egress": [
              {
                "cidr_blocks": [
                  "0.0.0.0/0"
                ],
                "description": "Allow all outbound",
                "from_port": 0,
                "ipv6_cidr_blocks": [],
                "prefix_list_ids": [],
                "protocol": "-1",
                "security_groups": [],
                "self": false,
                "to_port": 0
              }
            ],
            "id": "sg-09b911948e82cdbad",
            "ingress": [
              {
                "cidr_blocks": [
                  "0.0.0.0/0"
                ],
                "description": "HTTP for Docker",
                "from_port": 8080,
                "ipv6_cidr_blocks": [],
                "prefix_list_ids": [],
                "protocol": "tcp",
                "security_groups": [],
                "self": false,
                "to_port": 8080
              },
              {
                "cidr_blocks": [
                  "0.0.0.0/0"
                ],
                "description": "SSH",
                "from_port": 22,
                "ipv6_cidr_blocks": [],
                "prefix_list_ids": [],
                "protocol": "tcp",
                "security_groups": [],
                "self": false,
                "to_port": 22
              }
            ],
            "name": "allow_ssh_http",
            "name_prefix": "",
            "owner_id": "285816336572",
            "region": "eu-west-1",
            "revoke_rules_on_delete": false,
            "tags": {},
            "tags_all": {},
            "timeouts": null,
            "vpc_id": "vpc-0ed154f36abdd1d3c"
          },
          "sensitive_attributes": [],
          "identity_schema_version": 0,
          "private": "eyJlMmJmYjczMC1lY2FhLTExZTYtOGY4OC0zNDM2M2JjN2M0YzAiOnsiY3JlYXRlIjo2MDAwMDAwMDAwMDAsImRlbGV0ZSI6OTAwMDAwMDAwMDAwfSwic2NoZW1hX3ZlcnNpb24iOiIxIn0="
        }
      ]
    }
  ],
  "check_results": null
}
